
Microsoft Visual Studio Solution File, Format Version 12.00
# Visual Studio Version 17
VisualStudioVersion = 17.0.31912.275
MinimumVisualStudioVersion = 10.0.40219.1
Project("{FAE04EC0-301F-11D3-BF4B-00C04F79EFBC}") = "Periodicka cisla", "Periodicka cisla\Periodicka cisla.csproj", "{843AAB36-5A96-49A7-AE45-894B5A4D51F4}"
EndProject
Global
	GlobalSection(SolutionConfigurationPlatforms) = preSolution
		Debug|Any CPU = Debug|Any CPU
		Release|Any CPU = Release|Any CPU
	EndGlobalSection
	GlobalSection(ProjectConfigurationPlatforms) = postSolution
		{843AAB36-5A96-49A7-AE45-894B5A4D51F4}.Debug|Any CPU.ActiveCfg = Debug|Any CPU
		{843AAB36-5A96-49A7-AE45-894B5A4D51F4}.Debug|Any CPU.Build.0 = Debug|Any CPU
		{843AAB36-5A96-49A7-AE45-894B5A4D51F4}.Release|Any CPU.ActiveCfg = Release|Any CPU
		{843AAB36-5A96-49A7-AE45-894B5A4D51F4}.Release|Any CPU.Build.0 = Release|Any CPU
	EndGlobalSection
	GlobalSection(SolutionProperties) = preSolution
		HideSolutionNode = FALSE
	EndGlobalSection
	GlobalSection(ExtensibilityGlobals) = postSolution
		SolutionGuid = {6A687B08-571A-4E8D-9A5D-6B6F7194F33F}
	EndGlobalSection
EndGlobal
